PODS:
  - AppAuth (1.2.0):
    - AppAuth/Core (= 1.2.0)
    - AppAuth/ExternalUserAgent (= 1.2.0)
  - AppAuth/Core (1.2.0)
  - AppAuth/ExternalUserAgent (1.2.0)
  - Flutter (1.0.0)
  - flutter_appauth (0.0.1):
    - AppAuth (= 1.2.0)
    - Flutter
  - FMDB (2.7.5):
    - FMDB/standard (= 2.7.5)
  - FMDB/standard (2.7.5)
  - image_picker (0.0.1):
    - Flutter
  - package_info (0.0.1):
    - Flutter
  - path_provider (0.0.1):
    - Flutter
  - shared_preferences (0.0.1):
    - Flutter
  - sqflite (0.0.1):
    - Flutter
    - FMDB (~> 2.7.2)
  - video_player (0.0.1):
    - Flutter

DEPENDENCIES:
  - Flutter (from `Flutter`)
  - flutter_appauth (from `.symlinks/plugins/flutter_appauth/ios`)
  - image_picker (from `.symlinks/plugins/image_picker/ios`)
  - package_info (from `.symlinks/plugins/package_info/ios`)
  - path_provider (from `.symlinks/plugins/path_provider/ios`)
  - shared_preferences (from `.symlinks/plugins/shared_preferences/ios`)
  - sqflite (from `.symlinks/plugins/sqflite/ios`)
  - video_player (from `.symlinks/plugins/video_player/ios`)

SPEC REPOS:
  https://github.com/CocoaPods/Specs.git:
    - FMDB
  trunk:
    - AppAuth

EXTERNAL SOURCES:
  Flutter:
    :path: Flutter
  flutter_appauth:
    :path: ".symlinks/plugins/flutter_appauth/ios"
  image_picker:
    :path: ".symlinks/plugins/image_picker/ios"
  package_info:
    :path: ".symlinks/plugins/package_info/ios"
  path_provider:
    :path: ".symlinks/plugins/path_provider/ios"
  shared_preferences:
    :path: ".symlinks/plugins/shared_preferences/ios"
  sqflite:
    :path: ".symlinks/plugins/sqflite/ios"
  video_player:
    :path: ".symlinks/plugins/video_player/ios"

SPEC CHECKSUMS:
  AppAuth: bce82c76043657c99d91e7882e8a9e1a93650cd4
  Flutter: 0e3d915762c693b495b44d77113d4970485de6ec
  flutter_appauth: df12d7d65012a380f1ab11311866cfcbfd55370f
  FMDB: 2ce00b547f966261cd18927a3ddb07cb6f3db82a
  image_picker: 16e5fec1fbc87fd3b297c53e4048521eaf17cd06
  package_info: 78cabb3c322943c55d39676f4a5bfc748c01d055
  path_provider: f96fff6166a8867510d2c25fdcc346327cc4b259
  shared_preferences: 1feebfa37bb57264736e16865e7ffae7fc99b523
  sqflite: ff1d9da63c06588cc8d1faf7256d741f16989d5a
  video_player: 3964090a33353060ed7f58aa6427c7b4b208ec21

PODFILE CHECKSUM: 3dbe063e9c90a5d7c9e4e76e70a821b9e2c1d271

COCOAPODS: 1.8.3
